
Microsoft Visual Studio Solution File, Format Version 12.00
# Visual Studio Version 17
VisualStudioVersion = 17.11.35312.102
MinimumVisualStudioVersion = 10.0.40219.1
Project("{FAE04EC0-301F-11D3-BF4B-00C04F79EFBC}") = "kostka", "kostka\kostka.csproj", "{C0977B03-3C5B-49BA-87C9-E19B0427AA38}"
EndProject
Global
	GlobalSection(SolutionConfigurationPlatforms) = preSolution
		Debug|Any CPU = Debug|Any CPU
		Release|Any CPU = Release|Any CPU
	EndGlobalSection
	GlobalSection(ProjectConfigurationPlatforms) = postSolution
		{C0977B03-3C5B-49BA-87C9-E19B0427AA38}.Debug|Any CPU.ActiveCfg = Debug|Any CPU
		{C0977B03-3C5B-49BA-87C9-E19B0427AA38}.Debug|Any CPU.Build.0 = Debug|Any CPU
		{C0977B03-3C5B-49BA-87C9-E19B0427AA38}.Release|Any CPU.ActiveCfg = Release|Any CPU
		{C0977B03-3C5B-49BA-87C9-E19B0427AA38}.Release|Any CPU.Build.0 = Release|Any CPU
	EndGlobalSection
	GlobalSection(SolutionProperties) = preSolution
		HideSolutionNode = FALSE
	EndGlobalSection
	GlobalSection(ExtensibilityGlobals) = postSolution
		SolutionGuid = {3FA9CAFE-F67F-491C-8DD5-B3D7FA0D2D4C}
	EndGlobalSection
EndGlobal
